# This file is automatically @generated by Cargo.
# It is not intended for manual editing.
version = 4

[[package]]
name = "aarch64-paging"
version = "0.12.1"
source = "registry+https://github.com/rust-lang/crates.io-index"
checksum = "5fa1efb593234d49cfb0af667985fa9c7d9f1fb21a5e338d9b30dd3382111f45"
dependencies = [
 "bitflags",
 "thiserror",
]

[[package]]
name = "aarch64-rt"
version = "0.4.3"
source = "registry+https://github.com/rust-lang/crates.io-index"
checksum = "c11ec2f9c11149816e7f9461f894b04dec5be5b8d87fedb0884b1c60f9dba00c"
dependencies = [
 "smccc",
]

[[package]]
name = "arm-gic"
version = "0.10.0"
source = "registry+https://github.com/rust-lang/crates.io-index"
checksum = "aae38b5192f8463cef6c94ec9804774c2b106b16b0bb7c41401f9457d5e99229"
dependencies = [
 "arm-sysregs",
 "bitflags",
 "safe-mmio",
 "thiserror",
 "zerocopy",
]

[[package]]
name = "arm-pl011-uart"
version = "0.5.1"
source = "registry+https://github.com/rust-lang/crates.io-index"
checksum = "da0601ab96b18e55589d286dc635d1aac547e266aeaf3393813bb37c79318a71"
dependencies = [
 "bitflags",
 "embedded-hal-nb",
 "embedded-io",
 "safe-mmio",
 "thiserror",
 "zerocopy",
]

[[package]]
name = "arm-psci"
version = "0.2.0"
source = "registry+https://github.com/rust-lang/crates.io-index"
checksum = "cb260c93c22f6aa06dd87a2cee5dfe79554c6ae228ec8fd256b31293e3d188ff"
dependencies = [
 "bitflags",
 "num_enum",
 "thiserror",
]

[[package]]
name = "arm-sysregs"
version = "0.5.1"
source = "registry+https://github.com/rust-lang/crates.io-index"
checksum = "eea2d77c3eac6be0a300ba179e7bf051ffaec797c39dee0b631c21668b12e1f3"
dependencies = [
 "arm-sysregs-aarch32",
 "arm-sysregs-common",
 "arm-sysregs-el0",
 "arm-sysregs-el1",
 "arm-sysregs-el2",
]

[[package]]
name = "arm-sysregs-aarch32"
version = "0.5.1"
source = "registry+https://github.com/rust-lang/crates.io-index"
checksum = "aeac85b36432f9427827c31c2da2b42fe4928e35b3dbedbe9c9ded5e4d013789"
dependencies = [
 "arm-sysregs-common",
 "bitflags",
]

[[package]]
name = "arm-sysregs-common"
version = "0.5.1"
source = "registry+https://github.com/rust-lang/crates.io-index"
checksum = "11447113c834b1cb206262297477a467c090a3768765bef861858b6098dcac39"
dependencies = [
 "num_enum",
 "pastey",
]

[[package]]
name = "arm-sysregs-el0"
version = "0.5.1"
source = "registry+https://github.com/rust-lang/crates.io-index"
checksum = "a680f4741d246b3f72f977da72f7df76cb9c3227e565acad801ca3c504947d92"
dependencies = [
 "arm-sysregs-aarch32",
 "arm-sysregs-common",
 "bitflags",
]

[[package]]
name = "arm-sysregs-el1"
version = "0.5.1"
source = "registry+https://github.com/rust-lang/crates.io-index"
checksum = "5dcc832aff5e63bad65c4cdcb17a7a5c07a711a4ce365d7a69785efb3a64fc47"
dependencies = [
 "arm-sysregs-common",
 "arm-sysregs-el0",
 "bitflags",
]

[[package]]
name = "arm-sysregs-el2"
version = "0.5.1"
source = "registry+https://github.com/rust-lang/crates.io-index"
checksum = "4749bc9818f7ebef235bab12e818fdd4081dfffe44491c941b6f6530ee960686"
dependencies = [
 "arm-sysregs-common",
 "arm-sysregs-el1",
 "bitflags",
]

[[package]]
name = "arrayvec"
version = "0.7.8"
source = "registry+https://github.com/rust-lang/crates.io-index"
checksum = "d3fb67a6e08acf24fdeccbac2cb6ac4305825bd1f117462e0e6f2f193345ad56"

[[package]]
name = "bitflags"
version = "2.13.2"
source = "registry+https://github.com/rust-lang/crates.io-index"
checksum = "3ded4057c258ba199e2d26386d3af3780957ecaee6c4ef4041c6b4b8b97c0b06"

[[package]]
name = "buddy_system_allocator"
version = "0.13.0"
source = "registry+https://github.com/rust-lang/crates.io-index"
checksum = "c1af5a01adeeade54c9f5060300227a8ee64c05b6376f28e9b8ee3b72dd2056f"
dependencies = [
 "spin 0.10.1",
]

[[package]]
name = "dtoolkit"
version = "0.4.1"
source = "registry+https://github.com/rust-lang/crates.io-index"
checksum = "fc532741bd339dc67baa30dbd95257824a92f2aec4c5726062c7a811f072532d"
dependencies = [
 "indexmap",
 "thiserror",
 "twox-hash",
 "zerocopy",
 "zerocopy-derive",
]

[[package]]
name = "embedded-hal"
version = "1.0.0"
source = "registry+https://github.com/rust-lang/crates.io-index"
checksum = "361a90feb7004eca4019fb28352a9465666b24f840f5c3cddf0ff13920590b89"

[[package]]
name = "embedded-hal-nb"
version = "1.0.0"
source = "registry+https://github.com/rust-lang/crates.io-index"
checksum = "fba4268c14288c828995299e59b12babdbe170f6c6d73731af1b4648142e8605"
dependencies = [
 "embedded-hal",
 "nb",
]

[[package]]
name = "embedded-io"
version = "0.7.1"
source = "registry+https://github.com/rust-lang/crates.io-index"
checksum = "9eb1aa714776b75c7e67e1da744b81a129b3ff919c8712b5e1b32252c1f07cc7"

[[package]]
name = "equivalent"
version = "1.0.2"
source = "registry+https://github.com/rust-lang/crates.io-index"
checksum = "877a4ace8713b0bcf2a4e7eec82529c029f1d0619886d18145fea96c3ffe5c0f"

[[package]]
name = "hashbrown"
version = "0.17.1"
source = "registry+https://github.com/rust-lang/crates.io-index"
checksum = "ed5909b6e89a2db4456e54cd5f673791d7eca6732202bbf2a9cc504fe2f9b84a"

[[package]]
name = "indexmap"
version = "2.14.2"
source = "registry+https://github.com/rust-lang/crates.io-index"
checksum = "cc4e190f5d26ca7051642629da2c52fc03bde85a03197c99408dcd291734c855"
dependencies = [
 "equivalent",
 "hashbrown",
]

[[package]]
name = "integration_test"
version = "0.1.0"
dependencies = [
 "aarch64-rt",
 "arm-pl011-uart",
 "arm-sysregs",
 "smccc",
 "spin 0.12.3",
]

[[package]]
name = "lock_api"
version = "0.4.14"
source = "registry+https://github.com/rust-lang/crates.io-index"
checksum = "224399e74b87b5f3557511d98dff8b14089b3dadafcab6bb93eab67d3aace965"
dependencies = [
 "scopeguard",
]

[[package]]
name = "log"
version = "0.4.34"
source = "registry+https://github.com/rust-lang/crates.io-index"
checksum = "f9f8bd3e56ce4dfc153cf470fffbfa98c7620958b312ca5c3a4b8d5181fd13c6"

[[package]]
name = "memory_access"
version = "0.1.0"

[[package]]
name = "nb"
version = "1.1.0"
source = "registry+https://github.com/rust-lang/crates.io-index"
checksum = "8d5439c4ad607c3c23abf66de8c8bf57ba8adcd1f129e699851a6e43935d339d"

[[package]]
name = "num_enum"
version = "0.7.6"
source = "registry+https://github.com/rust-lang/crates.io-index"
checksum = "5d0bca838442ec211fa11de3a8b0e0e8f3a4522575b5c4c06ed722e005036f26"
dependencies = [
 "num_enum_derive",
 "rustversion",
]

[[package]]
name = "num_enum_derive"
version = "0.7.6"
source = "registry+https://github.com/rust-lang/crates.io-index"
checksum = "680998035259dcfcafe653688bf2aa6d3e2dc05e98be6ab46afb089dc84f1df8"
dependencies = [
 "proc-macro2",
 "quote",
 "syn 2.0.119",
]

[[package]]
name = "pastey"
version = "0.2.3"
source = "registry+https://github.com/rust-lang/crates.io-index"
checksum = "2ee67f1008b1ba2321834326597b8e186293b049a023cdef258527550b9935b4"

[[package]]
name = "percore"
version = "0.3.0"
source = "registry+https://github.com/rust-lang/crates.io-index"
checksum = "4b9f4bb4c8c288e534c1f96a3c51e718d04a3b602709120ea4b65075d6e4bbd1"
dependencies = [
 "zerocopy",
]

[[package]]
name = "proc-macro2"
version = "1.0.107"
source = "registry+https://github.com/rust-lang/crates.io-index"
checksum = "985e7ec9bb745e6ce6535b544d84d6cd6f7ad8bd711c398938ae983b91a766d9"
dependencies = [
 "unicode-ident",
]

[[package]]
name = "psci_test"
version = "0.1.0"
dependencies = [
 "aarch64-rt",
 "arm-gic",
 "arm-pl011-uart",
 "arm-psci",
 "arm-sysregs",
 "percore",
 "smccc",
 "spin 0.12.3",
]

[[package]]
name = "quote"
version = "1.0.47"
source = "registry+https://github.com/rust-lang/crates.io-index"
checksum = "1fbf4db142a473a8d80c26bbf18454ed458bf8d26c8219c331daecfdbd079001"
dependencies = [
 "proc-macro2",
]

[[package]]
name = "ritm"
version = "0.1.0"
dependencies = [
 "aarch64-paging",
 "aarch64-rt",
 "arm-pl011-uart",
 "arm-psci",
 "arm-sysregs",
 "arrayvec",
 "buddy_system_allocator",
 "dtoolkit",
 "embedded-io",
 "log",
 "memory_access",
 "percore",
 "smccc",
 "spin 0.12.3",
 "thiserror",
]

[[package]]
name = "rustversion"
version = "1.0.23"
source = "registry+https://github.com/rust-lang/crates.io-index"
checksum = "cf54715a573b99ac80df0bc206da022bcd442c974952c7b9720069370852e21f"

[[package]]
name = "safe-mmio"
version = "0.3.2"
source = "registry+https://github.com/rust-lang/crates.io-index"
checksum = "e885ed64c91774b671612cb99dda2ede3738b0aa2d39a85a1471b20bf09eabe0"
dependencies = [
 "zerocopy",
]

[[package]]
name = "scopeguard"
version = "1.2.0"
source = "registry+https://github.com/rust-lang/crates.io-index"
checksum = "94143f37725109f92c262ed2cf5e59bce7498c01bcc1502d7b9afe439a4e9f49"

[[package]]
name = "smccc"
version = "0.2.3"
source = "registry+https://github.com/rust-lang/crates.io-index"
checksum = "597fda855abe96a6a39b2beeca3ee15de3a73c8ed3ff3432778fd2f1db400fcd"
dependencies = [
 "thiserror",
]

[[package]]
name = "spin"
version = "0.10.1"
source = "registry+https://github.com/rust-lang/crates.io-index"
checksum = "023a211cb3138dbc438680b32560ad89f699977624c9f8dbb95a47d5b4c07dd3"

[[package]]
name = "spin"
version = "0.12.3"
source = "registry+https://github.com/rust-lang/crates.io-index"
checksum = "0134f9043ed38b087ac4f7d4af44c79e2c9e5094421fe3164f435ce585953b10"
dependencies = [
 "lock_api",
]

[[package]]
name = "syn"
version = "2.0.119"
source = "registry+https://github.com/rust-lang/crates.io-index"
checksum = "872831b642d1a07999a962a351ed35b955ea2cfc8f3862091e2a240a84f17297"
dependencies = [
 "proc-macro2",
 "quote",
 "unicode-ident",
]

[[package]]
name = "syn"
version = "3.0.6"
source = "registry+https://github.com/rust-lang/crates.io-index"
checksum = "8593e8e72159ed2257d083c7a454a85cbf854f37a0966d8d483aff8c8a3ebcee"
dependencies = [
 "proc-macro2",
 "quote",
 "unicode-ident",
]

[[package]]
name = "thiserror"
version = "2.0.21"
source = "registry+https://github.com/rust-lang/crates.io-index"
checksum = "09e52cb86a36cede5cb101bf8908837b3e4c6e5e59fe7fd85c23fb56200d189e"
dependencies = [
 "thiserror-impl",
]

[[package]]
name = "thiserror-impl"
version = "2.0.21"
source = "registry+https://github.com/rust-lang/crates.io-index"
checksum = "fe5197923287db20a58125f0bc85c062f7f2c892de97b18c356f9efb14b28524"
dependencies = [
 "proc-macro2",
 "quote",
 "syn 3.0.6",
]

[[package]]
name = "twox-hash"
version = "2.1.4"
source = "registry+https://github.com/rust-lang/crates.io-index"
checksum = "5283634e518fe9e82c7b20520bb4bc209009fd16c82077c802f8111ecbb0117a"

[[package]]
name = "unicode-ident"
version = "1.0.26"
source = "registry+https://github.com/rust-lang/crates.io-index"
checksum = "d245f478577f809a851594d02313b640fb437e0bb33866753cff937863096954"

[[package]]
name = "zerocopy"
version = "0.8.59"
source = "registry+https://github.com/rust-lang/crates.io-index"
checksum = "6df92bf3d9227be3d53173901ddbffac2babc27ae50f397776ffd6dc33f800cb"
dependencies = [
 "zerocopy-derive",
]

[[package]]
name = "zerocopy-derive"
version = "0.8.59"
source = "registry+https://github.com/rust-lang/crates.io-index"
checksum = "ac4f328cf2f05d084e496c3e9c3f33ed0a183656a16e1fcec4d464d8373aec82"
dependencies = [
 "proc-macro2",
 "quote",
 "syn 2.0.119",
]
